
Microsoft Visual Studio Solution File, Format Version 12.00
# Visual Studio Version 16
VisualStudioVersion = 16.0.30611.23
MinimumVisualStudioVersion = 10.0.40219.1
Project("{FAE04EC0-301F-11D3-BF4B-00C04F79EFBC}") = "WebIIFinalProject", "WebIIFinalProject\WebIIFinalProject.csproj", "{7D79218A-9B5B-4750-B086-D753D0EE26A8}"
EndProject
Global
	GlobalSection(SolutionConfigurationPlatforms) = preSolution
		Debug|Any CPU = Debug|Any CPU
		Release|Any CPU = Release|Any CPU
	EndGlobalSection
	GlobalSection(ProjectConfigurationPlatforms) = postSolution
		{7D79218A-9B5B-4750-B086-D753D0EE26A8}.Debug|Any CPU.ActiveCfg = Debug|Any CPU
		{7D79218A-9B5B-4750-B086-D753D0EE26A8}.Debug|Any CPU.Build.0 = Debug|Any CPU
		{7D79218A-9B5B-4750-B086-D753D0EE26A8}.Release|Any CPU.ActiveCfg = Release|Any CPU
		{7D79218A-9B5B-4750-B086-D753D0EE26A8}.Release|Any CPU.Build.0 = Release|Any CPU
	EndGlobalSection
	GlobalSection(SolutionProperties) = preSolution
		HideSolutionNode = FALSE
	EndGlobalSection
	GlobalSection(ExtensibilityGlobals) = postSolution
		SolutionGuid = {AC0F21CC-9F17-4236-8F54-8F7417F0FEB2}
	EndGlobalSection
EndGlobal
